
Microsoft Visual Studio Solution File, Format Version 12.00
# Visual Studio Version 17
VisualStudioVersion = 17.14.36212.18 d17.14
MinimumVisualStudioVersion = 10.0.40219.1
Project("{FAE04EC0-301F-11D3-BF4B-00C04F79EFBC}") = "Rural.Dominio", "Rural.Dominio\Rural.Dominio.csproj", "{ABEF0422-8848-404B-9CD4-376454E23677}"
EndProject
Global
	GlobalSection(SolutionConfigurationPlatforms) = preSolution
		Debug|Any CPU = Debug|Any CPU
		Release|Any CPU = Release|Any CPU
	EndGlobalSection
	GlobalSection(ProjectConfigurationPlatforms) = postSolution
		{ABEF0422-8848-404B-9CD4-376454E23677}.Debug|Any CPU.ActiveCfg = Debug|Any CPU
		{ABEF0422-8848-404B-9CD4-376454E23677}.Debug|Any CPU.Build.0 = Debug|Any CPU
		{ABEF0422-8848-404B-9CD4-376454E23677}.Release|Any CPU.ActiveCfg = Release|Any CPU
		{ABEF0422-8848-404B-9CD4-376454E23677}.Release|Any CPU.Build.0 = Release|Any CPU
	EndGlobalSection
	GlobalSection(SolutionProperties) = preSolution
		HideSolutionNode = FALSE
	EndGlobalSection
	GlobalSection(ExtensibilityGlobals) = postSolution
		SolutionGuid = {0B2F9671-745B-4288-ABA2-1DEA3D776A91}
	EndGlobalSection
EndGlobal
